# THIS IS AN AUTOGENERATED FILE. DO NOT EDIT THIS FILE DIRECTLY.
# yarn lockfile v1


"@openzeppelin/contracts-upgradeable@5.0.1":
  version "5.0.1"
  resolved "https://registry.yarnpkg.com/@openzeppelin/contracts-upgradeable/-/contracts-upgradeable-5.0.1.tgz#ebc163cbed2de6b8b69bff628261d18deb912a81"
  integrity sha512-MvaLoPnVcoZr/qqZP+4cl9piuR4gg0iIGgxVSZ/AL1iId3M6IdEHzz9Naw5Lirl4KKBI6ciTVnX07yL4dOMIJg==

"@openzeppelin/contracts@5.0.1":
  version "5.0.1"
  resolved "https://registry.yarnpkg.com/@openzeppelin/contracts/-/contracts-5.0.1.tgz#93da90fc209a0a4ff09c1deb037fbb35e4020890"
  integrity sha512-yQJaT5HDp9hYOOp4jTYxMsR02gdFZFXhewX5HW9Jo4fsqSVqqyIO/xTHdWDaKX5a3pv1txmf076Lziz+sO7L1w==

"@story-protocol/protocol-core@1.0.0-beta-rc6", "@story-protocol/protocol-core@^1.0.0-beta-rc6":
  version "1.0.0-beta-rc6"
  resolved "https://registry.yarnpkg.com/@story-protocol/protocol-core/-/protocol-core-1.0.0-beta-rc6.tgz#be833ae95419340816c6f246c40654d0e8a649c0"
  integrity sha512-2diMjDOpFuKcKZ7BQTdR0jb/W3Etob3cPkewteZvXgYwpLd0MpwPDkujPOM7KijYlp781kDx0ay8TqutgqH5QQ==
  dependencies:
    "@openzeppelin/contracts" "5.0.1"
    "@openzeppelin/contracts-upgradeable" "5.0.1"
    erc6551 "^0.3.1"

"@story-protocol/protocol-periphery@^1.0.0-beta-rc3":
  version "1.0.0-beta-rc3"
  resolved "https://registry.yarnpkg.com/@story-protocol/protocol-periphery/-/protocol-periphery-1.0.0-beta-rc3.tgz#0c829e22af2a65e9d1973df8ff7131d3b57484b0"
  integrity sha512-YZpOK8w+5i1k1EXrkC+nxcQ01YbWAQJytslDVsqoDp6Xc6clLC//L/5esKhC8DTRo8JjW4r+nFWyWFGJyhdxVg==
  dependencies:
    "@openzeppelin/contracts" "5.0.1"
    "@openzeppelin/contracts-upgradeable" "5.0.1"
    "@story-protocol/protocol-core" "1.0.0-beta-rc6"

"ds-test@https://github.com/dapphub/ds-test":
  version "1.0.0"
  resolved "https://github.com/dapphub/ds-test#e282159d5170298eb2455a6c05280ab5a73a4ef0"

erc6551@^0.3.1:
  version "0.3.1"
  resolved "https://registry.yarnpkg.com/erc6551/-/erc6551-0.3.1.tgz#f9ccc0901c210b0cc29c1c730398878319a1fd30"
  integrity sha512-4+O7CJ5gn3/s2Mum1QiJDJUbGE1P1m0t3do2nnFAKWEXLubWfZjS12HqraUJ6Y6su3WJ8EqdWm0270gC0bqpCA==

"forge-std@github:foundry-rs/forge-std#v1.7.6":
  version "1.7.6"
  resolved "https://codeload.github.com/foundry-rs/forge-std/tar.gz/ae570fec082bfe1c1f45b0acca4a2b4f84d345ce"
